// !$*UTF8*$!
{
	archiveVersion = 1;
	classes = {
	};
	objectVersion = 55;
	objects = {

/* Begin PBXBuildFile section */
		491A5CBD2855CAAC005F16AA /* SafehouseApp.swift in Sources */ = {isa = PBXBuildFile; fileRef = 491A5CBC2855CAAC005F16AA /* SafehouseApp.swift */; };
		491A5CBF2855CAAC005F16AA /* ContentView.swift in Sources */ = {isa = PBXBuildFile; fileRef = 491A5CBE2855CAAC005F16AA /* ContentView.swift */; };
		491A5CC12855CAAF005F16AA /* Assets.xcassets in Resources */ = {isa = PBXBuildFile; fileRef = 491A5CC02855CAAF005F16AA /* Assets.xcassets */; };
		491A5CC42855CAAF005F16AA /* Preview Assets.xcassets in Resources */ = {isa = PBXBuildFile; fileRef = 491A5CC32855CAAF005F16AA /* Preview Assets.xcassets */; };
		491A5CC62855CAAF005F16AA /* Persistence.swift in Sources */ = {isa = PBXBuildFile; fileRef = 491A5CC52855CAAF005F16AA /* Persistence.swift */; };
		491A5CC92855CAAF005F16AA /* Safehouse.xcdatamodeld in Sources */ = {isa = PBXBuildFile; fileRef = 491A5CC72855CAAF005F16AA /* Safehouse.xcdatamodeld */; };
		491A5CD02855CAE3005F16AA /* MessageView.swift in Sources */ = {isa = PBXBuildFile; fileRef = 491A5CCF2855CAE3005F16AA /* MessageView.swift */; };
/* End PBXBuildFile section */

/* Begin PBXFileReference section */
		491A5CB92855CAAC005F16AA /* Safehouse.app */ = {isa = PBXFileReference; explicitFileType = wrapper.application; includeInIndex = 0; path = Safehouse.app; sourceTree = BUILT_PRODUCTS_DIR; };
		491A5CBC2855CAAC005F16AA /* SafehouseApp.swift */ = {isa = PBXFileReference; lastKnownFileType = sourcecode.swift; path = SafehouseApp.swift; sourceTree = "<group>"; };
		491A5CBE2855CAAC005F16AA /* ContentView.swift */ = {isa = PBXFileReference; lastKnownFileType = sourcecode.swift; path = ContentView.swift; sourceTree = "<group>"; };
		491A5CC02855CAAF005F16AA /* Assets.xcassets */ = {isa = PBXFileReference; lastKnownFileType = folder.assetcatalog; path = Assets.xcassets; sourceTree = "<group>"; };
		491A5CC32855CAAF005F16AA /* Preview Assets.xcassets */ = {isa = PBXFileReference; lastKnownFileType = folder.assetcatalog; path = "Preview Assets.xcassets"; sourceTree = "<group>"; };
		491A5CC52855CAAF005F16AA /* Persistence.swift */ = {isa = PBXFileReference; lastKnownFileType = sourcecode.swift; path = Persistence.swift; sourceTree = "<group>"; };
		491A5CC82855CAAF005F16AA /* Safehouse.xcdatamodel */ = {isa = PBXFileReference; lastKnownFileType = wrapper.xcdatamodel; path = Safehouse.xcdatamodel; sourceTree = "<group>"; };
		491A5CCF2855CAE3005F16AA /* MessageView.swift */ = {isa = PBXFileReference; lastKnownFileType = sourcecode.swift; path = MessageView.swift; sourceTree = "<group>"; };
/* End PBXFileReference section */

/* Begin PBXFrameworksBuildPhase section */
		491A5CB62855CAAC005F16AA /* Frameworks */ = {
			isa = PBXFrameworksBuildPhase;
			buildActionMask = 2147483647;
			files = (
			);
			runOnlyForDeploymentPostprocessing = 0;
		};
/* End PBXFrameworksBuildPhase section */

/* Begin PBXGroup section */
		491A5CB02855CAAC005F16AA = {
			isa = PBXGroup;
			children = (
				491A5CBB2855CAAC005F16AA /* Safehouse */,
				491A5CBA2855CAAC005F16AA /* Products */,
			);
			sourceTree = "<group>";
		};
		491A5CBA2855CAAC005F16AA /* Products */ = {
			isa = PBXGroup;
			children = (
				491A5CB92855CAAC005F16AA /* Safehouse.app */,
			);
			name = Products;
			sourceTree = "<group>";
		};
		491A5CBB2855CAAC005F16AA /* Safehouse */ = {
			isa = PBXGroup;
			children = (
				491A5CBC2855CAAC005F16AA /* SafehouseApp.swift */,
				491A5CBE2855CAAC005F16AA /* ContentView.swift */,
				491A5CCF2855CAE3005F16AA /* MessageView.swift */,
				491A5CC02855CAAF005F16AA /* Assets.xcassets */,
				491A5CC52855CAAF005F16AA /* Persistence.swift */,
				491A5CC72855CAAF005F16AA /* Safehouse.xcdatamodeld */,
				491A5CC22855CAAF005F16AA /* Preview Content */,
			);
			path = Safehouse;
			sourceTree = "<group>";
		};
		491A5CC22855CAAF005F16AA /* Preview Content */ = {
			isa = PBXGroup;
			children = (
				491A5CC32855CAAF005F16AA /* Preview Assets.xcassets */,
			);
			path = "Preview Content";
			sourceTree = "<group>";
		};
/* End PBXGroup section */

/* Begin PBXNativeTarget section */
		491A5CB82855CAAC005F16AA /* Safehouse */ = {
			isa = PBXNativeTarget;
			buildConfigurationList = 491A5CCC2855CAAF005F16AA /* Build configuration list for PBXNativeTarget "Safehouse" */;
			buildPhases = (
				491A5CB52855CAAC005F16AA /* Sources */,
				491A5CB62855CAAC005F16AA /* Frameworks */,
				491A5CB72855CAAC005F16AA /* Resources */,
			);
			buildRules = (
			);
			dependencies = (
			);
			name = Safehouse;
			productName = Safehouse;
			productReference = 491A5CB92855CAAC005F16AA /* Safehouse.app */;
			productType = "com.apple.product-type.application";
		};
/* End PBXNativeTarget section */

/* Begin PBXProject section */
		491A5CB12855CAAC005F16AA /* Project object */ = {
			isa = PBXProject;
			attributes = {
				BuildIndependentTargetsInParallel = 1;
				LastSwiftUpdateCheck = 1340;
				LastUpgradeCheck = 1340;
				TargetAttributes = {
					491A5CB82855CAAC005F16AA = {
						CreatedOnToolsVersion = 13.4.1;
					};
				};
			};
			buildConfigurationList = 491A5CB42855CAAC005F16AA /* Build configuration list for PBXProject "Safehouse" */;
			compatibilityVersion = "Xcode 13.0";
			developmentRegion = en;
			hasScannedForEncodings = 0;
			knownRegions = (
				en,
				Base,
			);
			mainGroup = 491A5CB02855CAAC005F16AA;
			productRefGroup = 491A5CBA2855CAAC005F16AA /* Products */;
			projectDirPath = "";
			projectRoot = "";
			targets = (
				491A5CB82855CAAC005F16AA /* Safehouse */,
			);
		};
/* End PBXProject section */

/* Begin PBXResourcesBuildPhase section */
		491A5CB72855CAAC005F16AA /* Resources */ = {
			isa = PBXResourcesBuildPhase;
			buildActionMask = 2147483647;
			files = (
				491A5CC42855CAAF005F16AA /* Preview Assets.xcassets in Resources */,
				491A5CC12855CAAF005F16AA /* Assets.xcassets in Resources */,
			);
			runOnlyForDeploymentPostprocessing = 0;
		};
/* End PBXResourcesBuildPhase section */

/* Begin PBXSourcesBuildPhase section */
		491A5CB52855CAAC005F16AA /* Sources */ = {
			isa = PBXSourcesBuildPhase;
			buildActionMask = 2147483647;
			files = (
				491A5CC62855CAAF005F16AA /* Persistence.swift in Sources */,
				491A5CC92855CAAF005F16AA /* Safehouse.xcdatamodeld in Sources */,
				491A5CBF2855CAAC005F16AA /* ContentView.swift in Sources */,
				491A5CBD2855CAAC005F16AA /* SafehouseApp.swift in Sources */,
				491A5CD02855CAE3005F16AA /* MessageView.swift in Sources */,
			);
			runOnlyForDeploymentPostprocessing = 0;
		};
/* End PBXSourcesBuildPhase section */

/* Begin XCBuildConfiguration section */
		491A5CCA2855CAAF005F16AA /* Debug */ = {
			isa = XCBuildConfiguration;
			buildSettings = {
				ALWAYS_SEARCH_USER_PATHS = NO;
				CLANG_ANALYZER_NONNULL = YES;
				CLANG_ANALYZER_NUMBER_OBJECT_CONVERSION = YES_AGGRESSIVE;
				CLANG_CXX_LANGUAGE_STANDARD = "gnu++17";
				CLANG_ENABLE_MODULES = YES;
				CLANG_ENABLE_OBJC_ARC = YES;
				CLANG_ENABLE_OBJC_WEAK = YES;
				CLANG_WARN_BLOCK_CAPTURE_AUTORELEASING = YES;
				CLANG_WARN_BOOL_CONVERSION = YES;
				CLANG_WARN_COMMA = YES;
				CLANG_WARN_CONSTANT_CONVERSION = YES;
				CLANG_WARN_DEPRECATED_OBJC_IMPLEMENTATIONS = YES;
				CLANG_WARN_DIRECT_OBJC_ISA_USAGE = YES_ERROR;
				CLANG_WARN_DOCUMENTATION_COMMENTS = YES;
				CLANG_WARN_EMPTY_BODY = YES;
				CLANG_WARN_ENUM_CONVERSION = YES;
				CLANG_WARN_INFINITE_RECURSION = YES;
				CLANG_WARN_INT_CONVERSION = YES;
				CLANG_WARN_NON_LITERAL_NULL_CONVERSION = YES;
				CLANG_WARN_OBJC_IMPLICIT_RETAIN_SELF = YES;
				CLANG_WARN_OBJC_LITERAL_CONVERSION = YES;
				CLANG_WARN_OBJC_ROOT_CLASS = YES_ERROR;
				CLANG_WARN_QUOTED_INCLUDE_IN_FRAMEWORK_HEADER = YES;
				CLANG_WARN_RANGE_LOOP_ANALYSIS = YES;
				CLANG_WARN_STRICT_PROTOTYPES = YES;
				CLANG_WARN_SUSPICIOUS_MOVE = YES;
				CLANG_WARN_UNGUARDED_AVAILABILITY = YES_AGGRESSIVE;
				CLANG_WARN_UNREACHABLE_CODE = YES;
				CLANG_WARN__DUPLICATE_METHOD_MATCH = YES;
				COPY_PHASE_STRIP = NO;
				DEBUG_INFORMATION_FORMAT = dwarf;
				ENABLE_STRICT_OBJC_MSGSEND = YES;
				ENABLE_TESTABILITY = YES;
				GCC_C_LANGUAGE_STANDARD = gnu11;
				GCC_DYNAMIC_NO_PIC = NO;
				GCC_NO_COMMON_BLOCKS = YES;
				GCC_OPTIMIZATION_LEVEL = 0;
				GCC_PREPROCESSOR_DEFINITIONS = (
					"DEBUG=1",
					"$(inherited)",
				);
				GCC_WARN_64_TO_32_BIT_CONVERSION = YES;
				GCC_WARN_ABOUT_RETURN_TYPE = YES_ERROR;
				GCC_WARN_UNDECLARED_SELECTOR = YES;
				GCC_WARN_UNINITIALIZED_AUTOS = YES_AGGRESSIVE;
				GCC_WARN_UNUSED_FUNCTION = YES;
				GCC_WARN_UNUSED_VARIABLE = YES;
				IPHONEOS_DEPLOYMENT_TARGET = 15.5;
				MTL_ENABLE_DEBUG_INFO = INCLUDE_SOURCE;
				MTL_FAST_MATH = YES;
				ONLY_ACTIVE_ARCH = YES;
				SDKROOT = iphoneos;
				SWIFT_ACTIVE_COMPILATION_CONDITIONS = DEBUG;
				SWIFT_OPTIMIZATION_LEVEL = "-Onone";
			};
			name = Debug;
		};
		491A5CCB2855CAAF005F16AA /* Release */ = {
			isa = XCBuildConfiguration;
			buildSettings = {
				ALWAYS_SEARCH_USER_PATHS = NO;
				CLANG_ANALYZER_NONNULL = YES;
				CLANG_ANALYZER_NUMBER_OBJECT_CONVERSION = YES_AGGRESSIVE;
				CLANG_CXX_LANGUAGE_STANDARD = "gnu++17";
				CLANG_ENABLE_MODULES = YES;
				CLANG_ENABLE_OBJC_ARC = YES;
				CLANG_ENABLE_OBJC_WEAK = YES;
				CLANG_WARN_BLOCK_CAPTURE_AUTORELEASING = YES;
				CLANG_WARN_BOOL_CONVERSION = YES;
				CLANG_WARN_COMMA = YES;
				CLANG_WARN_CONSTANT_CONVERSION = YES;
				CLANG_WARN_DEPRECATED_OBJC_IMPLEMENTATIONS = YES;
				CLANG_WARN_DIRECT_OBJC_ISA_USAGE = YES_ERROR;
				CLANG_WARN_DOCUMENTATION_COMMENTS = YES;
				CLANG_WARN_EMPTY_BODY = YES;
				CLANG_WARN_ENUM_CONVERSION = YES;
				CLANG_WARN_INFINITE_RECURSION = YES;
				CLANG_WARN_INT_CONVERSION = YES;
				CLANG_WARN_NON_LITERAL_NULL_CONVERSION = YES;
				CLANG_WARN_OBJC_IMPLICIT_RETAIN_SELF = YES;
				CLANG_WARN_OBJC_LITERAL_CONVERSION = YES;
				CLANG_WARN_OBJC_ROOT_CLASS = YES_ERROR;
				CLANG_WARN_QUOTED_INCLUDE_IN_FRAMEWORK_HEADER = YES;
				CLANG_WARN_RANGE_LOOP_ANALYSIS = YES;
				CLANG_WARN_STRICT_PROTOTYPES = YES;
				CLANG_WARN_SUSPICIOUS_MOVE = YES;
				CLANG_WARN_UNGUARDED_AVAILABILITY = YES_AGGRESSIVE;
				CLANG_WARN_UNREACHABLE_CODE = YES;
				CLANG_WARN__DUPLICATE_METHOD_MATCH = YES;
				COPY_PHASE_STRIP = NO;
				DEBUG_INFORMATION_FORMAT = "dwarf-with-dsym";
				ENABLE_NS_ASSERTIONS = NO;
				ENABLE_STRICT_OBJC_MSGSEND = YES;
				GCC_C_LANGUAGE_STANDARD = gnu11;
				GCC_NO_COMMON_BLOCKS = YES;
				GCC_WARN_64_TO_32_BIT_CONVERSION = YES;
				GCC_WARN_ABOUT_RETURN_TYPE = YES_ERROR;
				GCC_WARN_UNDECLARED_SELECTOR = YES;
				GCC_WARN_UNINITIALIZED_AUTOS = YES_AGGRESSIVE;
				GCC_WARN_UNUSED_FUNCTION = YES;
				GCC_WARN_UNUSED_VARIABLE = YES;
				IPHONEOS_DEPLOYMENT_TARGET = 15.5;
				MTL_ENABLE_DEBUG_INFO = NO;
				MTL_FAST_MATH = YES;
				SDKROOT = iphoneos;
				SWIFT_COMPILATION_MODE = wholemodule;
				SWIFT_OPTIMIZATION_LEVEL = "-O";
				VALIDATE_PRODUCT = YES;
			};
			name = Release;
		};
		491A5CCD2855CAAF005F16AA /* Debug */ = {
			isa = XCBuildConfiguration;
			buildSettings = {
				ASSETCATALOG_COMPILER_APPICON_NAME = AppIcon;
				ASSETCATALOG_COMPILER_GLOBAL_ACCENT_COLOR_NAME = AccentColor;
				CODE_SIGN_STYLE = Automatic;
				CURRENT_PROJECT_VERSION = 1;
				DEVELOPMENT_ASSET_PATHS = "\"Safehouse/Preview Content\"";
				DEVELOPMENT_TEAM = K8EQ35H92Y;
				ENABLE_PREVIEWS = YES;
				GENERATE_INFOPLIST_FILE = YES;
				INFOPLIST_KEY_UIApplicationSceneManifest_Generation = YES;
				INFOPLIST_KEY_UIApplicationSupportsIndirectInputEvents = YES;
				INFOPLIST_KEY_UILaunchScreen_Generation = YES;
				INFOPLIST_KEY_UISupportedInterfaceOrientations_iPad = "UIInterfaceOrientationPortrait UIInterfaceOrientationPortraitUpsideDown UIInterfaceOrientationLandscapeLeft UIInterfaceOrientationLandscapeRight";
				INFOPLIST_KEY_UISupportedInterfaceOrientations_iPhone = "UIInterfaceOrientationPortrait UIInterfaceOrientationLandscapeLeft UIInterfaceOrientationLandscapeRight";
				LD_RUNPATH_SEARCH_PATHS = (
					"$(inherited)",
					"@executable_path/Frameworks",
				);
				MARKETING_VERSION = 1.0;
				PRODUCT_BUNDLE_IDENTIFIER = com.LFID.Safehouse;
				PRODUCT_NAME = "$(TARGET_NAME)";
				SWIFT_EMIT_LOC_STRINGS = YES;
				SWIFT_VERSION = 5.0;
				TARGETED_DEVICE_FAMILY = "1,2";
			};
			name = Debug;
		};
		491A5CCE2855CAAF005F16AA /* Release */ = {
			isa = XCBuildConfiguration;
			buildSettings = {
				ASSETCATALOG_COMPILER_APPICON_NAME = AppIcon;
				ASSETCATALOG_COMPILER_GLOBAL_ACCENT_COLOR_NAME = AccentColor;
				CODE_SIGN_STYLE = Automatic;
				CURRENT_PROJECT_VERSION = 1;
				DEVELOPMENT_ASSET_PATHS = "\"Safehouse/Preview Content\"";
				DEVELOPMENT_TEAM = K8EQ35H92Y;
				ENABLE_PREVIEWS = YES;
				GENERATE_INFOPLIST_FILE = YES;
				INFOPLIST_KEY_UIApplicationSceneManifest_Generation = YES;
				INFOPLIST_KEY_UIApplicationSupportsIndirectInputEvents = YES;
				INFOPLIST_KEY_UILaunchScreen_Generation = YES;
				INFOPLIST_KEY_UISupportedInterfaceOrientations_iPad = "UIInterfaceOrientationPortrait UIInterfaceOrientationPortraitUpsideDown UIInterfaceOrientationLandscapeLeft UIInterfaceOrientationLandscapeRight";
				INFOPLIST_KEY_UISupportedInterfaceOrientations_iPhone = "UIInterfaceOrientationPortrait UIInterfaceOrientationLandscapeLeft UIInterfaceOrientationLandscapeRight";
				LD_RUNPATH_SEARCH_PATHS = (
					"$(inherited)",
					"@executable_path/Frameworks",
				);
				MARKETING_VERSION = 1.0;
				PRODUCT_BUNDLE_IDENTIFIER = com.LFID.Safehouse;
				PRODUCT_NAME = "$(TARGET_NAME)";
				SWIFT_EMIT_LOC_STRINGS = YES;
				SWIFT_VERSION = 5.0;
				TARGETED_DEVICE_FAMILY = "1,2";
			};
			name = Release;
		};
/* End XCBuildConfiguration section */

/* Begin XCConfigurationList section */
		491A5CB42855CAAC005F16AA /* Build configuration list for PBXProject "Safehouse" */ = {
			isa = XCConfigurationList;
			buildConfigurations = (
				491A5CCA2855CAAF005F16AA /* Debug */,
				491A5CCB2855CAAF005F16AA /* Release */,
			);
			defaultConfigurationIsVisible = 0;
			defaultConfigurationName = Release;
		};
		491A5CCC2855CAAF005F16AA /* Build configuration list for PBXNativeTarget "Safehouse" */ = {
			isa = XCConfigurationList;
			buildConfigurations = (
				491A5CCD2855CAAF005F16AA /* Debug */,
				491A5CCE2855CAAF005F16AA /* Release */,
			);
			defaultConfigurationIsVisible = 0;
			defaultConfigurationName = Release;
		};
/* End XCConfigurationList section */

/* Begin XCVersionGroup section */
		491A5CC72855CAAF005F16AA /* Safehouse.xcdatamodeld */ = {
			isa = XCVersionGroup;
			children = (
				491A5CC82855CAAF005F16AA /* Safehouse.xcdatamodel */,
			);
			currentVersion = 491A5CC82855CAAF005F16AA /* Safehouse.xcdatamodel */;
			path = Safehouse.xcdatamodeld;
			sourceTree = "<group>";
			versionGroupType = wrapper.xcdatamodel;
		};
/* End XCVersionGroup section */
	};
	rootObject = 491A5CB12855CAAC005F16AA /* Project object */;
}
